{
  "name": "stencil-components",
  "version": "0.0.1",
  "lockfileVersion": 2,
  "requires": true,
  "packages": {
    "": {
      "version": "0.0.1",
      "license": "MIT",
      "dependencies": {
        "@stencil/core": "^2.0.1",
        "guid-typescript": "^1.0.9",
        "stencil-shared-css": "git+https://github.com/jorgeparavicini/stencil-shared-css"
      }
    },
    "node_modules/@stencil/core": {
      "version": "2.6.0",
      "license": "MIT",
      "bin": {
        "stencil": "bin/stencil"
      },
      "engines": {
        "node": ">=12.10.0",
        "npm": ">=6.0.0"
      }
    },
    "node_modules/balanced-match": {
      "version": "1.0.2",
      "license": "MIT"
    },
    "node_modules/brace-expansion": {
      "version": "1.1.11",
      "license": "MIT",
      "dependencies": {
        "balanced-match": "^1.0.0",
        "concat-map": "0.0.1"
      }
    },
    "node_modules/concat-map": {
      "version": "0.0.1",
      "license": "MIT"
    },
    "node_modules/fs.realpath": {
      "version": "1.0.0",
      "license": "ISC"
    },
    "node_modules/glob": {
      "version": "7.1.7",
      "license": "ISC",
      "dependencies": {
        "fs.realpath": "^1.0.0",
        "inflight": "^1.0.4",
        "inherits": "2",
        "minimatch": "^3.0.4",
        "once": "^1.3.0",
        "path-is-absolute": "^1.0.0"
      },
      "engines": {
        "node": "*"
      },
      "funding": {
        "url": "https://github.com/sponsors/isaacs"
      }
    },
    "node_modules/guid-typescript": {
      "version": "1.0.9",
      "license": "ISC"
    },
    "node_modules/inflight": {
      "version": "1.0.6",
      "license": "ISC",
      "dependencies": {
        "once": "^1.3.0",
        "wrappy": "1"
      }
    },
    "node_modules/inherits": {
      "version": "2.0.4",
      "license": "ISC"
    },
    "node_modules/minimatch": {
      "version": "3.0.4",
      "license": "ISC",
      "dependencies": {
        "brace-expansion": "^1.1.7"
      },
      "engines": {
        "node": "*"
      }
    },
    "node_modules/once": {
      "version": "1.4.0",
      "license": "ISC",
      "dependencies": {
        "wrappy": "1"
      }
    },
    "node_modules/path-is-absolute": {
      "version": "1.0.1",
      "license": "MIT",
      "engines": {
        "node": ">=0.10.0"
      }
    },
    "node_modules/stencil-shared-css": {
      "version": "1.0.0",
      "resolved": "git+ssh://git@github.com/jorgeparavicini/stencil-shared-css.git#5301b7623e921b9d94524bfc58ef7845098dc678",
      "license": "MIT",
      "dependencies": {
        "glob": "^7.1.7",
        "uuid": "^8.3.2"
      },
      "bin": {
        "copy-css": "bin/copy-css.mjs"
      }
    },
    "node_modules/uuid": {
      "version": "8.3.2",
      "license": "MIT",
      "bin": {
        "uuid": "dist/bin/uuid"
      }
    },
    "node_modules/wrappy": {
      "version": "1.0.2",
      "license": "ISC"
    }
  },
  "dependencies": {
    "@stencil/core": {
      "version": "2.6.0"
    },
    "balanced-match": {
      "version": "1.0.2"
    },
    "brace-expansion": {
      "version": "1.1.11",
      "requires": {
        "balanced-match": "^1.0.0",
        "concat-map": "0.0.1"
      }
    },
    "concat-map": {
      "version": "0.0.1"
    },
    "fs.realpath": {
      "version": "1.0.0"
    },
    "glob": {
      "version": "7.1.7",
      "requires": {
        "fs.realpath": "^1.0.0",
        "inflight": "^1.0.4",
        "inherits": "2",
        "minimatch": "^3.0.4",
        "once": "^1.3.0",
        "path-is-absolute": "^1.0.0"
      }
    },
    "guid-typescript": {
      "version": "1.0.9"
    },
    "inflight": {
      "version": "1.0.6",
      "requires": {
        "once": "^1.3.0",
        "wrappy": "1"
      }
    },
    "inherits": {
      "version": "2.0.4"
    },
    "minimatch": {
      "version": "3.0.4",
      "requires": {
        "brace-expansion": "^1.1.7"
      }
    },
    "once": {
      "version": "1.4.0",
      "requires": {
        "wrappy": "1"
      }
    },
    "path-is-absolute": {
      "version": "1.0.1"
    },
    "stencil-shared-css": {
      "version": "git+ssh://git@github.com/jorgeparavicini/stencil-shared-css.git#5301b7623e921b9d94524bfc58ef7845098dc678",
      "from": "stencil-shared-css@git+https://github.com/jorgeparavicini/stencil-shared-css",
      "requires": {
        "glob": "^7.1.7",
        "uuid": "^8.3.2"
      }
    },
    "uuid": {
      "version": "8.3.2"
    },
    "wrappy": {
      "version": "1.0.2"
    }
  }
}
